// !$*UTF8*$!
{
	archiveVersion = 1;
	classes = {
	};
	objectVersion = 50;
	objects = {

/* Begin PBXBuildFile section */
		B460FB9E25078A1F00E34B29 /* RegisterViewController.swift in Sources */ = {isa = PBXBuildFile; fileRef = B460FB9D25078A1F00E34B29 /* RegisterViewController.swift */; };
		B460FBA025078A2900E34B29 /* WelcomeViewController.swift in Sources */ = {isa = PBXBuildFile; fileRef = B460FB9F25078A2900E34B29 /* WelcomeViewController.swift */; };
		B460FBA225078A3000E34B29 /* LoginViewController.swift in Sources */ = {isa = PBXBuildFile; fileRef = B460FBA125078A3000E34B29 /* LoginViewController.swift */; };
		B460FBA425078A3700E34B29 /* ChatViewController.swift in Sources */ = {isa = PBXBuildFile; fileRef = B460FBA325078A3700E34B29 /* ChatViewController.swift */; };
		B460FBA725078B5C00E34B29 /* ChatManager.swift in Sources */ = {isa = PBXBuildFile; fileRef = B460FBA625078B5C00E34B29 /* ChatManager.swift */; };
		B486382324FFA0DE0002E31C /* AppDelegate.swift in Sources */ = {isa = PBXBuildFile; fileRef = B486382224FFA0DE0002E31C /* AppDelegate.swift */; };
		B486382524FFA0DE0002E31C /* SceneDelegate.swift in Sources */ = {isa = PBXBuildFile; fileRef = B486382424FFA0DE0002E31C /* SceneDelegate.swift */; };
		B486382A24FFA0DE0002E31C /* Main.storyboard in Resources */ = {isa = PBXBuildFile; fileRef = B486382824FFA0DE0002E31C /* Main.storyboard */; };
		B486382C24FFA0DF0002E31C /* Assets.xcassets in Resources */ = {isa = PBXBuildFile; fileRef = B486382B24FFA0DF0002E31C /* Assets.xcassets */; };
		B486382F24FFA0DF0002E31C /* LaunchScreen.storyboard in Resources */ = {isa = PBXBuildFile; fileRef = B486382D24FFA0DF0002E31C /* LaunchScreen.storyboard */; };
		CEA8578E2094C25B94BA0EE9 /* Pods_Flash_Chat.framework in Frameworks */ = {isa = PBXBuildFile; fileRef = DDC0F9A0BC4CEF10A669E94B /* Pods_Flash_Chat.framework */; };
/* End PBXBuildFile section */

/* Begin PBXFileReference section */
		7DB869232BF5EF6D9BC3029D /* Pods-Flash Chat.debug.xcconfig */ = {isa = PBXFileReference; includeInIndex = 1; lastKnownFileType = text.xcconfig; name = "Pods-Flash Chat.debug.xcconfig"; path = "Target Support Files/Pods-Flash Chat/Pods-Flash Chat.debug.xcconfig"; sourceTree = "<group>"; };
		B460FB9D25078A1F00E34B29 /* RegisterViewController.swift */ = {isa = PBXFileReference; lastKnownFileType = sourcecode.swift; path = RegisterViewController.swift; sourceTree = "<group>"; };
		B460FB9F25078A2900E34B29 /* WelcomeViewController.swift */ = {isa = PBXFileReference; lastKnownFileType = sourcecode.swift; path = WelcomeViewController.swift; sourceTree = "<group>"; };
		B460FBA125078A3000E34B29 /* LoginViewController.swift */ = {isa = PBXFileReference; lastKnownFileType = sourcecode.swift; path = LoginViewController.swift; sourceTree = "<group>"; };
		B460FBA325078A3700E34B29 /* ChatViewController.swift */ = {isa = PBXFileReference; lastKnownFileType = sourcecode.swift; path = ChatViewController.swift; sourceTree = "<group>"; };
		B460FBA625078B5C00E34B29 /* ChatManager.swift */ = {isa = PBXFileReference; lastKnownFileType = sourcecode.swift; path = ChatManager.swift; sourceTree = "<group>"; };
		B486381F24FFA0DE0002E31C /* Flash Chat.app */ = {isa = PBXFileReference; explicitFileType = wrapper.application; includeInIndex = 0; path = "Flash Chat.app"; sourceTree = BUILT_PRODUCTS_DIR; };
		B486382224FFA0DE0002E31C /* AppDelegate.swift */ = {isa = PBXFileReference; lastKnownFileType = sourcecode.swift; path = AppDelegate.swift; sourceTree = "<group>"; };
		B486382424FFA0DE0002E31C /* SceneDelegate.swift */ = {isa = PBXFileReference; lastKnownFileType = sourcecode.swift; path = SceneDelegate.swift; sourceTree = "<group>"; };
		B486382924FFA0DE0002E31C /* Base */ = {isa = PBXFileReference; lastKnownFileType = file.storyboard; name = Base; path = Base.lproj/Main.storyboard; sourceTree = "<group>"; };
		B486382B24FFA0DF0002E31C /* Assets.xcassets */ = {isa = PBXFileReference; lastKnownFileType = folder.assetcatalog; path = Assets.xcassets; sourceTree = "<group>"; };
		B486382E24FFA0DF0002E31C /* Base */ = {isa = PBXFileReference; lastKnownFileType = file.storyboard; name = Base; path = Base.lproj/LaunchScreen.storyboard; sourceTree = "<group>"; };
		B486383024FFA0DF0002E31C /* Info.plist */ = {isa = PBXFileReference; lastKnownFileType = text.plist.xml; path = Info.plist; sourceTree = "<group>"; };
		D88CE99AA165B6B992E6AF0B /* Pods-Flash Chat.release.xcconfig */ = {isa = PBXFileReference; includeInIndex = 1; lastKnownFileType = text.xcconfig; name = "Pods-Flash Chat.release.xcconfig"; path = "Target Support Files/Pods-Flash Chat/Pods-Flash Chat.release.xcconfig"; sourceTree = "<group>"; };
		DDC0F9A0BC4CEF10A669E94B /* Pods_Flash_Chat.framework */ = {isa = PBXFileReference; explicitFileType = wrapper.framework; includeInIndex = 0; path = Pods_Flash_Chat.framework; sourceTree = BUILT_PRODUCTS_DIR; };
/* End PBXFileReference section */

/* Begin PBXFrameworksBuildPhase section */
		B486381C24FFA0DE0002E31C /* Frameworks */ = {
			isa = PBXFrameworksBuildPhase;
			buildActionMask = 2147483647;
			files = (
				CEA8578E2094C25B94BA0EE9 /* Pods_Flash_Chat.framework in Frameworks */,
			);
			runOnlyForDeploymentPostprocessing = 0;
		};
/* End PBXFrameworksBuildPhase section */

/* Begin PBXGroup section */
		0ED8C3216B1A2177604F2E68 /* Frameworks */ = {
			isa = PBXGroup;
			children = (
				DDC0F9A0BC4CEF10A669E94B /* Pods_Flash_Chat.framework */,
			);
			name = Frameworks;
			sourceTree = "<group>";
		};
		B11171D9BE75AE497A9404EC /* Pods */ = {
			isa = PBXGroup;
			children = (
				7DB869232BF5EF6D9BC3029D /* Pods-Flash Chat.debug.xcconfig */,
				D88CE99AA165B6B992E6AF0B /* Pods-Flash Chat.release.xcconfig */,
			);
			name = Pods;
			path = Pods;
			sourceTree = "<group>";
		};
		B460FB9B250789F800E34B29 /* Views */ = {
			isa = PBXGroup;
			children = (
				B486382824FFA0DE0002E31C /* Main.storyboard */,
				B486382D24FFA0DF0002E31C /* LaunchScreen.storyboard */,
			);
			path = Views;
			sourceTree = "<group>";
		};
		B460FB9C250789FF00E34B29 /* Controllers */ = {
			isa = PBXGroup;
			children = (
				B460FB9F25078A2900E34B29 /* WelcomeViewController.swift */,
				B460FB9D25078A1F00E34B29 /* RegisterViewController.swift */,
				B460FBA125078A3000E34B29 /* LoginViewController.swift */,
				B460FBA325078A3700E34B29 /* ChatViewController.swift */,
			);
			path = Controllers;
			sourceTree = "<group>";
		};
		B460FBA525078B4100E34B29 /* Models */ = {
			isa = PBXGroup;
			children = (
				B460FBA625078B5C00E34B29 /* ChatManager.swift */,
			);
			path = Models;
			sourceTree = "<group>";
		};
		B486381624FFA0DE0002E31C = {
			isa = PBXGroup;
			children = (
				B486382124FFA0DE0002E31C /* Flash Chat */,
				B486382024FFA0DE0002E31C /* Products */,
				B11171D9BE75AE497A9404EC /* Pods */,
				0ED8C3216B1A2177604F2E68 /* Frameworks */,
			);
			sourceTree = "<group>";
		};
		B486382024FFA0DE0002E31C /* Products */ = {
			isa = PBXGroup;
			children = (
				B486381F24FFA0DE0002E31C /* Flash Chat.app */,
			);
			name = Products;
			sourceTree = "<group>";
		};
		B486382124FFA0DE0002E31C /* Flash Chat */ = {
			isa = PBXGroup;
			children = (
				B486382224FFA0DE0002E31C /* AppDelegate.swift */,
				B486382424FFA0DE0002E31C /* SceneDelegate.swift */,
				B460FBA525078B4100E34B29 /* Models */,
				B460FB9B250789F800E34B29 /* Views */,
				B460FB9C250789FF00E34B29 /* Controllers */,
				B486382B24FFA0DF0002E31C /* Assets.xcassets */,
				B486383024FFA0DF0002E31C /* Info.plist */,
			);
			path = "Flash Chat";
			sourceTree = "<group>";
		};
/* End PBXGroup section */

/* Begin PBXNativeTarget section */
		B486381E24FFA0DE0002E31C /* Flash Chat */ = {
			isa = PBXNativeTarget;
			buildConfigurationList = B486383324FFA0DF0002E31C /* Build configuration list for PBXNativeTarget "Flash Chat" */;
			buildPhases = (
				1EB3453300FFEBA72D8DA15F /* [CP] Check Pods Manifest.lock */,
				B486381B24FFA0DE0002E31C /* Sources */,
				B486381C24FFA0DE0002E31C /* Frameworks */,
				B486381D24FFA0DE0002E31C /* Resources */,
				C70719CD8FFD6D7898DB87C1 /* [CP] Embed Pods Frameworks */,
			);
			buildRules = (
			);
			dependencies = (
			);
			name = "Flash Chat";
			productName = "Flash Chat";
			productReference = B486381F24FFA0DE0002E31C /* Flash Chat.app */;
			productType = "com.apple.product-type.application";
		};
/* End PBXNativeTarget section */

/* Begin PBXProject section */
		B486381724FFA0DE0002E31C /* Project object */ = {
			isa = PBXProject;
			attributes = {
				LastSwiftUpdateCheck = 1160;
				LastUpgradeCheck = 1160;
				ORGANIZATIONNAME = "Nishant Taneja";
				TargetAttributes = {
					B486381E24FFA0DE0002E31C = {
						CreatedOnToolsVersion = 11.6;
					};
				};
			};
			buildConfigurationList = B486381A24FFA0DE0002E31C /* Build configuration list for PBXProject "Flash Chat" */;
			compatibilityVersion = "Xcode 9.3";
			developmentRegion = en;
			hasScannedForEncodings = 0;
			knownRegions = (
				en,
				Base,
			);
			mainGroup = B486381624FFA0DE0002E31C;
			productRefGroup = B486382024FFA0DE0002E31C /* Products */;
			projectDirPath = "";
			projectRoot = "";
			targets = (
				B486381E24FFA0DE0002E31C /* Flash Chat */,
			);
		};
/* End PBXProject section */

/* Begin PBXResourcesBuildPhase section */
		B486381D24FFA0DE0002E31C /* Resources */ = {
			isa = PBXResourcesBuildPhase;
			buildActionMask = 2147483647;
			files = (
				B486382F24FFA0DF0002E31C /* LaunchScreen.storyboard in Resources */,
				B486382C24FFA0DF0002E31C /* Assets.xcassets in Resources */,
				B486382A24FFA0DE0002E31C /* Main.storyboard in Resources */,
			);
			runOnlyForDeploymentPostprocessing = 0;
		};
/* End PBXResourcesBuildPhase section */

/* Begin PBXShellScriptBuildPhase section */
		1EB3453300FFEBA72D8DA15F /* [CP] Check Pods Manifest.lock */ = {
			isa = PBXShellScriptBuildPhase;
			buildActionMask = 2147483647;
			files = (
			);
			inputFileListPaths = (
			);
			inputPaths = (
				"${PODS_PODFILE_DIR_PATH}/Podfile.lock",
				"${PODS_ROOT}/Manifest.lock",
			);
			name = "[CP] Check Pods Manifest.lock";
			outputFileListPaths = (
			);
			outputPaths = (
				"$(DERIVED_FILE_DIR)/Pods-Flash Chat-checkManifestLockResult.txt",
			);
			runOnlyForDeploymentPostprocessing = 0;
			shellPath = /bin/sh;
			shellScript = "diff \"${PODS_PODFILE_DIR_PATH}/Podfile.lock\" \"${PODS_ROOT}/Manifest.lock\" > /dev/null\nif [ $? != 0 ] ; then\n    # print error to STDERR\n    echo \"error: The sandbox is not in sync with the Podfile.lock. Run 'pod install' or update your CocoaPods installation.\" >&2\n    exit 1\nfi\n# This output is used by Xcode 'outputs' to avoid re-running this script phase.\necho \"SUCCESS\" > \"${SCRIPT_OUTPUT_FILE_0}\"\n";
			showEnvVarsInLog = 0;
		};
		C70719CD8FFD6D7898DB87C1 /* [CP] Embed Pods Frameworks */ = {
			isa = PBXShellScriptBuildPhase;
			buildActionMask = 2147483647;
			files = (
			);
			inputFileListPaths = (
				"${PODS_ROOT}/Target Support Files/Pods-Flash Chat/Pods-Flash Chat-frameworks-${CONFIGURATION}-input-files.xcfilelist",
			);
			name = "[CP] Embed Pods Frameworks";
			outputFileListPaths = (
				"${PODS_ROOT}/Target Support Files/Pods-Flash Chat/Pods-Flash Chat-frameworks-${CONFIGURATION}-output-files.xcfilelist",
			);
			runOnlyForDeploymentPostprocessing = 0;
			shellPath = /bin/sh;
			shellScript = "\"${PODS_ROOT}/Target Support Files/Pods-Flash Chat/Pods-Flash Chat-frameworks.sh\"\n";
			showEnvVarsInLog = 0;
		};
/* End PBXShellScriptBuildPhase section */

/* Begin PBXSourcesBuildPhase section */
		B486381B24FFA0DE0002E31C /* Sources */ = {
			isa = PBXSourcesBuildPhase;
			buildActionMask = 2147483647;
			files = (
				B460FBA225078A3000E34B29 /* LoginViewController.swift in Sources */,
				B460FBA025078A2900E34B29 /* WelcomeViewController.swift in Sources */,
				B460FBA425078A3700E34B29 /* ChatViewController.swift in Sources */,
				B486382324FFA0DE0002E31C /* AppDelegate.swift in Sources */,
				B460FBA725078B5C00E34B29 /* ChatManager.swift in Sources */,
				B486382524FFA0DE0002E31C /* SceneDelegate.swift in Sources */,
				B460FB9E25078A1F00E34B29 /* RegisterViewController.swift in Sources */,
			);
			runOnlyForDeploymentPostprocessing = 0;
		};
/* End PBXSourcesBuildPhase section */

/* Begin PBXVariantGroup section */
		B486382824FFA0DE0002E31C /* Main.storyboard */ = {
			isa = PBXVariantGroup;
			children = (
				B486382924FFA0DE0002E31C /* Base */,
			);
			name = Main.storyboard;
			sourceTree = "<group>";
		};
		B486382D24FFA0DF0002E31C /* LaunchScreen.storyboard */ = {
			isa = PBXVariantGroup;
			children = (
				B486382E24FFA0DF0002E31C /* Base */,
			);
			name = LaunchScreen.storyboard;
			sourceTree = "<group>";
		};
/* End PBXVariantGroup section */

/* Begin XCBuildConfiguration section */
		B486383124FFA0DF0002E31C /* Debug */ = {
			isa = XCBuildConfiguration;
			buildSettings = {
				ALWAYS_SEARCH_USER_PATHS = NO;
				CLANG_ANALYZER_NONNULL = YES;
				CLANG_ANALYZER_NUMBER_OBJECT_CONVERSION = YES_AGGRESSIVE;
				CLANG_CXX_LANGUAGE_STANDARD = "gnu++14";
				CLANG_CXX_LIBRARY = "libc++";
				CLANG_ENABLE_MODULES = YES;
				CLANG_ENABLE_OBJC_ARC = YES;
				CLANG_ENABLE_OBJC_WEAK = YES;
				CLANG_WARN_BLOCK_CAPTURE_AUTORELEASING = YES;
				CLANG_WARN_BOOL_CONVERSION = YES;
				CLANG_WARN_COMMA = YES;
				CLANG_WARN_CONSTANT_CONVERSION = YES;
				CLANG_WARN_DEPRECATED_OBJC_IMPLEMENTATIONS = YES;
				CLANG_WARN_DIRECT_OBJC_ISA_USAGE = YES_ERROR;
				CLANG_WARN_DOCUMENTATION_COMMENTS = YES;
				CLANG_WARN_EMPTY_BODY = YES;
				CLANG_WARN_ENUM_CONVERSION = YES;
				CLANG_WARN_INFINITE_RECURSION = YES;
				CLANG_WARN_INT_CONVERSION = YES;
				CLANG_WARN_NON_LITERAL_NULL_CONVERSION = YES;
				CLANG_WARN_OBJC_IMPLICIT_RETAIN_SELF = YES;
				CLANG_WARN_OBJC_LITERAL_CONVERSION = YES;
				CLANG_WARN_OBJC_ROOT_CLASS = YES_ERROR;
				CLANG_WARN_RANGE_LOOP_ANALYSIS = YES;
				CLANG_WARN_STRICT_PROTOTYPES = YES;
				CLANG_WARN_SUSPICIOUS_MOVE = YES;
				CLANG_WARN_UNGUARDED_AVAILABILITY = YES_AGGRESSIVE;
				CLANG_WARN_UNREACHABLE_CODE = YES;
				CLANG_WARN__DUPLICATE_METHOD_MATCH = YES;
				COPY_PHASE_STRIP = NO;
				DEBUG_INFORMATION_FORMAT = dwarf;
				ENABLE_STRICT_OBJC_MSGSEND = YES;
				ENABLE_TESTABILITY = YES;
				GCC_C_LANGUAGE_STANDARD = gnu11;
				GCC_DYNAMIC_NO_PIC = NO;
				GCC_NO_COMMON_BLOCKS = YES;
				GCC_OPTIMIZATION_LEVEL = 0;
				GCC_PREPROCESSOR_DEFINITIONS = (
					"DEBUG=1",
					"$(inherited)",
				);
				GCC_WARN_64_TO_32_BIT_CONVERSION = YES;
				GCC_WARN_ABOUT_RETURN_TYPE = YES_ERROR;
				GCC_WARN_UNDECLARED_SELECTOR = YES;
				GCC_WARN_UNINITIALIZED_AUTOS = YES_AGGRESSIVE;
				GCC_WARN_UNUSED_FUNCTION = YES;
				GCC_WARN_UNUSED_VARIABLE = YES;
				IPHONEOS_DEPLOYMENT_TARGET = 13.6;
				MTL_ENABLE_DEBUG_INFO = INCLUDE_SOURCE;
				MTL_FAST_MATH = YES;
				ONLY_ACTIVE_ARCH = YES;
				SDKROOT = iphoneos;
				SWIFT_ACTIVE_COMPILATION_CONDITIONS = DEBUG;
				SWIFT_OPTIMIZATION_LEVEL = "-Onone";
			};
			name = Debug;
		};
		B486383224FFA0DF0002E31C /* Release */ = {
			isa = XCBuildConfiguration;
			buildSettings = {
				ALWAYS_SEARCH_USER_PATHS = NO;
				CLANG_ANALYZER_NONNULL = YES;
				CLANG_ANALYZER_NUMBER_OBJECT_CONVERSION = YES_AGGRESSIVE;
				CLANG_CXX_LANGUAGE_STANDARD = "gnu++14";
				CLANG_CXX_LIBRARY = "libc++";
				CLANG_ENABLE_MODULES = YES;
				CLANG_ENABLE_OBJC_ARC = YES;
				CLANG_ENABLE_OBJC_WEAK = YES;
				CLANG_WARN_BLOCK_CAPTURE_AUTORELEASING = YES;
				CLANG_WARN_BOOL_CONVERSION = YES;
				CLANG_WARN_COMMA = YES;
				CLANG_WARN_CONSTANT_CONVERSION = YES;
				CLANG_WARN_DEPRECATED_OBJC_IMPLEMENTATIONS = YES;
				CLANG_WARN_DIRECT_OBJC_ISA_USAGE = YES_ERROR;
				CLANG_WARN_DOCUMENTATION_COMMENTS = YES;
				CLANG_WARN_EMPTY_BODY = YES;
				CLANG_WARN_ENUM_CONVERSION = YES;
				CLANG_WARN_INFINITE_RECURSION = YES;
				CLANG_WARN_INT_CONVERSION = YES;
				CLANG_WARN_NON_LITERAL_NULL_CONVERSION = YES;
				CLANG_WARN_OBJC_IMPLICIT_RETAIN_SELF = YES;
				CLANG_WARN_OBJC_LITERAL_CONVERSION = YES;
				CLANG_WARN_OBJC_ROOT_CLASS = YES_ERROR;
				CLANG_WARN_RANGE_LOOP_ANALYSIS = YES;
				CLANG_WARN_STRICT_PROTOTYPES = YES;
				CLANG_WARN_SUSPICIOUS_MOVE = YES;
				CLANG_WARN_UNGUARDED_AVAILABILITY = YES_AGGRESSIVE;
				CLANG_WARN_UNREACHABLE_CODE = YES;
				CLANG_WARN__DUPLICATE_METHOD_MATCH = YES;
				COPY_PHASE_STRIP = NO;
				DEBUG_INFORMATION_FORMAT = "dwarf-with-dsym";
				ENABLE_NS_ASSERTIONS = NO;
				ENABLE_STRICT_OBJC_MSGSEND = YES;
				GCC_C_LANGUAGE_STANDARD = gnu11;
				GCC_NO_COMMON_BLOCKS = YES;
				GCC_WARN_64_TO_32_BIT_CONVERSION = YES;
				GCC_WARN_ABOUT_RETURN_TYPE = YES_ERROR;
				GCC_WARN_UNDECLARED_SELECTOR = YES;
				GCC_WARN_UNINITIALIZED_AUTOS = YES_AGGRESSIVE;
				GCC_WARN_UNUSED_FUNCTION = YES;
				GCC_WARN_UNUSED_VARIABLE = YES;
				IPHONEOS_DEPLOYMENT_TARGET = 13.6;
				MTL_ENABLE_DEBUG_INFO = NO;
				MTL_FAST_MATH = YES;
				SDKROOT = iphoneos;
				SWIFT_COMPILATION_MODE = wholemodule;
				SWIFT_OPTIMIZATION_LEVEL = "-O";
				VALIDATE_PRODUCT = YES;
			};
			name = Release;
		};
		B486383424FFA0DF0002E31C /* Debug */ = {
			isa = XCBuildConfiguration;
			baseConfigurationReference = 7DB869232BF5EF6D9BC3029D /* Pods-Flash Chat.debug.xcconfig */;
			buildSettings = {
				ASSETCATALOG_COMPILER_APPICON_NAME = AppIcon;
				CODE_SIGN_STYLE = Automatic;
				DEVELOPMENT_TEAM = 4YZDJM5F99;
				INFOPLIST_FILE = "Flash Chat/Info.plist";
				LD_RUNPATH_SEARCH_PATHS = (
					"$(inherited)",
					"@executable_path/Frameworks",
				);
				PRODUCT_BUNDLE_IDENTIFIER = "com.nishanttaneja.Flash-Chat";
				PRODUCT_NAME = "$(TARGET_NAME)";
				SWIFT_VERSION = 5.0;
				TARGETED_DEVICE_FAMILY = "1,2";
			};
			name = Debug;
		};
		B486383524FFA0DF0002E31C /* Release */ = {
			isa = XCBuildConfiguration;
			baseConfigurationReference = D88CE99AA165B6B992E6AF0B /* Pods-Flash Chat.release.xcconfig */;
			buildSettings = {
				ASSETCATALOG_COMPILER_APPICON_NAME = AppIcon;
				CODE_SIGN_STYLE = Automatic;
				DEVELOPMENT_TEAM = 4YZDJM5F99;
				INFOPLIST_FILE = "Flash Chat/Info.plist";
				LD_RUNPATH_SEARCH_PATHS = (
					"$(inherited)",
					"@executable_path/Frameworks",
				);
				PRODUCT_BUNDLE_IDENTIFIER = "com.nishanttaneja.Flash-Chat";
				PRODUCT_NAME = "$(TARGET_NAME)";
				SWIFT_VERSION = 5.0;
				TARGETED_DEVICE_FAMILY = "1,2";
			};
			name = Release;
		};
/* End XCBuildConfiguration section */

/* Begin XCConfigurationList section */
		B486381A24FFA0DE0002E31C /* Build configuration list for PBXProject "Flash Chat" */ = {
			isa = XCConfigurationList;
			buildConfigurations = (
				B486383124FFA0DF0002E31C /* Debug */,
				B486383224FFA0DF0002E31C /* Release */,
			);
			defaultConfigurationIsVisible = 0;
			defaultConfigurationName = Release;
		};
		B486383324FFA0DF0002E31C /* Build configuration list for PBXNativeTarget "Flash Chat" */ = {
			isa = XCConfigurationList;
			buildConfigurations = (
				B486383424FFA0DF0002E31C /* Debug */,
				B486383524FFA0DF0002E31C /* Release */,
			);
			defaultConfigurationIsVisible = 0;
			defaultConfigurationName = Release;
		};
/* End XCConfigurationList section */
	};
	rootObject = B486381724FFA0DE0002E31C /* Project object */;
}
